
Microsoft Visual Studio Solution File, Format Version 12.00
# Visual Studio Version 17
VisualStudioVersion = 17.0.31903.59
MinimumVisualStudioVersion = 10.0.40219.1
Project("{2150E333-8FDC-42A3-9474-1A3956D46DE8}") = "src", "src", "{827E0CD3-B72D-47B6-A68D-7590B98EB39B}"
EndProject
Project("{FAE04EC0-301F-11D3-BF4B-00C04F79EFBC}") = "UmaFestHub.Domain", "src\UmaFestHub.Domain\UmaFestHub.Domain.csproj", "{325AC14D-72C4-417B-908A-3CA267C7C203}"
EndProject
Project("{FAE04EC0-301F-11D3-BF4B-00C04F79EFBC}") = "UmaFestHub.Application", "src\UmaFestHub.Application\UmaFestHub.Application.csproj", "{F421D788-A343-4DA8-B66A-C8B0688FCD39}"
EndProject
Project("{FAE04EC0-301F-11D3-BF4B-00C04F79EFBC}") = "UmaFestHub.Infrastructure", "src\UmaFestHub.Infrastructure\UmaFestHub.Infrastructure.csproj", "{4A8F75CB-F618-42F1-BAC3-79C60A23AE4A}"
EndProject
Project("{FAE04EC0-301F-11D3-BF4B-00C04F79EFBC}") = "UmaFestHub.Web", "src\UmaFestHub.Web\UmaFestHub.Web.csproj", "{0ED89D5B-5EA8-42BF-B957-708873E6726D}"
EndProject
Project("{2150E333-8FDC-42A3-9474-1A3956D46DE8}") = "tests", "tests", "{0AB3BF05-4346-4AA6-1389-037BE0695223}"
EndProject
Project("{FAE04EC0-301F-11D3-BF4B-00C04F79EFBC}") = "UmaFestHub.Domain.Tests", "tests\UmaFestHub.Domain.Tests\UmaFestHub.Domain.Tests.csproj", "{B4D4F9A5-EC8B-43EA-B5CC-B56792B4A8C7}"
EndProject
Project("{FAE04EC0-301F-11D3-BF4B-00C04F79EFBC}") = "UmaFestHub.Application.Tests", "tests\UmaFestHub.Application.Tests\UmaFestHub.Application.Tests.csproj", "{7AB0761D-E5B1-4892-AA51-CDA81932D699}"
EndProject
Project("{2150E333-8FDC-42A3-9474-1A3956D46DE8}") = "tools", "tools", "{07C2787E-EAC7-C090-1BA3-A61EC2A24D84}"
EndProject
Project("{FAE04EC0-301F-11D3-BF4B-00C04F79EFBC}") = "UmaFestHub.I18nGenerator", "tools\UmaFestHub.I18nGenerator\UmaFestHub.I18nGenerator.csproj", "{8D999891-F2B7-4E00-BCC4-078F6A41038A}"
EndProject
Global
	GlobalSection(SolutionConfigurationPlatforms) = preSolution
		Debug|Any CPU = Debug|Any CPU
		Debug|x64 = Debug|x64
		Debug|x86 = Debug|x86
		Release|Any CPU = Release|Any CPU
		Release|x64 = Release|x64
		Release|x86 = Release|x86
	EndGlobalSection
	GlobalSection(ProjectConfigurationPlatforms) = postSolution
		{325AC14D-72C4-417B-908A-3CA267C7C203}.Debug|Any CPU.ActiveCfg = Debug|Any CPU
		{325AC14D-72C4-417B-908A-3CA267C7C203}.Debug|Any CPU.Build.0 = Debug|Any CPU
		{325AC14D-72C4-417B-908A-3CA267C7C203}.Debug|x64.ActiveCfg = Debug|Any CPU
		{325AC14D-72C4-417B-908A-3CA267C7C203}.Debug|x64.Build.0 = Debug|Any CPU
		{325AC14D-72C4-417B-908A-3CA267C7C203}.Debug|x86.ActiveCfg = Debug|Any CPU
		{325AC14D-72C4-417B-908A-3CA267C7C203}.Debug|x86.Build.0 = Debug|Any CPU
		{325AC14D-72C4-417B-908A-3CA267C7C203}.Release|Any CPU.ActiveCfg = Release|Any CPU
		{325AC14D-72C4-417B-908A-3CA267C7C203}.Release|Any CPU.Build.0 = Release|Any CPU
		{325AC14D-72C4-417B-908A-3CA267C7C203}.Release|x64.ActiveCfg = Release|Any CPU
		{325AC14D-72C4-417B-908A-3CA267C7C203}.Release|x64.Build.0 = Release|Any CPU
		{325AC14D-72C4-417B-908A-3CA267C7C203}.Release|x86.ActiveCfg = Release|Any CPU
		{325AC14D-72C4-417B-908A-3CA267C7C203}.Release|x86.Build.0 = Release|Any CPU
		{F421D788-A343-4DA8-B66A-C8B0688FCD39}.Debug|Any CPU.ActiveCfg = Debug|Any CPU
		{F421D788-A343-4DA8-B66A-C8B0688FCD39}.Debug|Any CPU.Build.0 = Debug|Any CPU
		{F421D788-A343-4DA8-B66A-C8B0688FCD39}.Debug|x64.ActiveCfg = Debug|Any CPU
		{F421D788-A343-4DA8-B66A-C8B0688FCD39}.Debug|x64.Build.0 = Debug|Any CPU
		{F421D788-A343-4DA8-B66A-C8B0688FCD39}.Debug|x86.ActiveCfg = Debug|Any CPU
		{F421D788-A343-4DA8-B66A-C8B0688FCD39}.Debug|x86.Build.0 = Debug|Any CPU
		{F421D788-A343-4DA8-B66A-C8B0688FCD39}.Release|Any CPU.ActiveCfg = Release|Any CPU
		{F421D788-A343-4DA8-B66A-C8B0688FCD39}.Release|Any CPU.Build.0 = Release|Any CPU
		{F421D788-A343-4DA8-B66A-C8B0688FCD39}.Release|x64.ActiveCfg = Release|Any CPU
		{F421D788-A343-4DA8-B66A-C8B0688FCD39}.Release|x64.Build.0 = Release|Any CPU
		{F421D788-A343-4DA8-B66A-C8B0688FCD39}.Release|x86.ActiveCfg = Release|Any CPU
		{F421D788-A343-4DA8-B66A-C8B0688FCD39}.Release|x86.Build.0 = Release|Any CPU
		{4A8F75CB-F618-42F1-BAC3-79C60A23AE4A}.Debug|Any CPU.ActiveCfg = Debug|Any CPU
		{4A8F75CB-F618-42F1-BAC3-79C60A23AE4A}.Debug|Any CPU.Build.0 = Debug|Any CPU
		{4A8F75CB-F618-42F1-BAC3-79C60A23AE4A}.Debug|x64.ActiveCfg = Debug|Any CPU
		{4A8F75CB-F618-42F1-BAC3-79C60A23AE4A}.Debug|x64.Build.0 = Debug|Any CPU
		{4A8F75CB-F618-42F1-BAC3-79C60A23AE4A}.Debug|x86.ActiveCfg = Debug|Any CPU
		{4A8F75CB-F618-42F1-BAC3-79C60A23AE4A}.Debug|x86.Build.0 = Debug|Any CPU
		{4A8F75CB-F618-42F1-BAC3-79C60A23AE4A}.Release|Any CPU.ActiveCfg = Release|Any CPU
		{4A8F75CB-F618-42F1-BAC3-79C60A23AE4A}.Release|Any CPU.Build.0 = Release|Any CPU
		{4A8F75CB-F618-42F1-BAC3-79C60A23AE4A}.Release|x64.ActiveCfg = Release|Any CPU
		{4A8F75CB-F618-42F1-BAC3-79C60A23AE4A}.Release|x64.Build.0 = Release|Any CPU
		{4A8F75CB-F618-42F1-BAC3-79C60A23AE4A}.Release|x86.ActiveCfg = Release|Any CPU
		{4A8F75CB-F618-42F1-BAC3-79C60A23AE4A}.Release|x86.Build.0 = Release|Any CPU
		{0ED89D5B-5EA8-42BF-B957-708873E6726D}.Debug|Any CPU.ActiveCfg = Debug|Any CPU
		{0ED89D5B-5EA8-42BF-B957-708873E6726D}.Debug|Any CPU.Build.0 = Debug|Any CPU
		{0ED89D5B-5EA8-42BF-B957-708873E6726D}.Debug|x64.ActiveCfg = Debug|Any CPU
		{0ED89D5B-5EA8-42BF-B957-708873E6726D}.Debug|x64.Build.0 = Debug|Any CPU
		{0ED89D5B-5EA8-42BF-B957-708873E6726D}.Debug|x86.ActiveCfg = Debug|Any CPU
		{0ED89D5B-5EA8-42BF-B957-708873E6726D}.Debug|x86.Build.0 = Debug|Any CPU
		{0ED89D5B-5EA8-42BF-B957-708873E6726D}.Release|Any CPU.ActiveCfg = Release|Any CPU
		{0ED89D5B-5EA8-42BF-B957-708873E6726D}.Release|Any CPU.Build.0 = Release|Any CPU
		{0ED89D5B-5EA8-42BF-B957-708873E6726D}.Release|x64.ActiveCfg = Release|Any CPU
		{0ED89D5B-5EA8-42BF-B957-708873E6726D}.Release|x64.Build.0 = Release|Any CPU
		{0ED89D5B-5EA8-42BF-B957-708873E6726D}.Release|x86.ActiveCfg = Release|Any CPU
		{0ED89D5B-5EA8-42BF-B957-708873E6726D}.Release|x86.Build.0 = Release|Any CPU
		{B4D4F9A5-EC8B-43EA-B5CC-B56792B4A8C7}.Debug|Any CPU.ActiveCfg = Debug|Any CPU
		{B4D4F9A5-EC8B-43EA-B5CC-B56792B4A8C7}.Debug|Any CPU.Build.0 = Debug|Any CPU
		{B4D4F9A5-EC8B-43EA-B5CC-B56792B4A8C7}.Debug|x64.ActiveCfg = Debug|Any CPU
		{B4D4F9A5-EC8B-43EA-B5CC-B56792B4A8C7}.Debug|x64.Build.0 = Debug|Any CPU
		{B4D4F9A5-EC8B-43EA-B5CC-B56792B4A8C7}.Debug|x86.ActiveCfg = Debug|Any CPU
		{B4D4F9A5-EC8B-43EA-B5CC-B56792B4A8C7}.Debug|x86.Build.0 = Debug|Any CPU
		{B4D4F9A5-EC8B-43EA-B5CC-B56792B4A8C7}.Release|Any CPU.ActiveCfg = Release|Any CPU
		{B4D4F9A5-EC8B-43EA-B5CC-B56792B4A8C7}.Release|Any CPU.Build.0 = Release|Any CPU
		{B4D4F9A5-EC8B-43EA-B5CC-B56792B4A8C7}.Release|x64.ActiveCfg = Release|Any CPU
		{B4D4F9A5-EC8B-43EA-B5CC-B56792B4A8C7}.Release|x64.Build.0 = Release|Any CPU
		{B4D4F9A5-EC8B-43EA-B5CC-B56792B4A8C7}.Release|x86.ActiveCfg = Release|Any CPU
		{B4D4F9A5-EC8B-43EA-B5CC-B56792B4A8C7}.Release|x86.Build.0 = Release|Any CPU
		{7AB0761D-E5B1-4892-AA51-CDA81932D699}.Debug|Any CPU.ActiveCfg = Debug|Any CPU
		{7AB0761D-E5B1-4892-AA51-CDA81932D699}.Debug|Any CPU.Build.0 = Debug|Any CPU
		{7AB0761D-E5B1-4892-AA51-CDA81932D699}.Debug|x64.ActiveCfg = Debug|Any CPU
		{7AB0761D-E5B1-4892-AA51-CDA81932D699}.Debug|x64.Build.0 = Debug|Any CPU
		{7AB0761D-E5B1-4892-AA51-CDA81932D699}.Debug|x86.ActiveCfg = Debug|Any CPU
		{7AB0761D-E5B1-4892-AA51-CDA81932D699}.Debug|x86.Build.0 = Debug|Any CPU
		{7AB0761D-E5B1-4892-AA51-CDA81932D699}.Release|Any CPU.ActiveCfg = Release|Any CPU
		{7AB0761D-E5B1-4892-AA51-CDA81932D699}.Release|Any CPU.Build.0 = Release|Any CPU
		{7AB0761D-E5B1-4892-AA51-CDA81932D699}.Release|x64.ActiveCfg = Release|Any CPU
		{7AB0761D-E5B1-4892-AA51-CDA81932D699}.Release|x64.Build.0 = Release|Any CPU
		{7AB0761D-E5B1-4892-AA51-CDA81932D699}.Release|x86.ActiveCfg = Release|Any CPU
		{7AB0761D-E5B1-4892-AA51-CDA81932D699}.Release|x86.Build.0 = Release|Any CPU
		{8D999891-F2B7-4E00-BCC4-078F6A41038A}.Debug|Any CPU.ActiveCfg = Debug|Any CPU
		{8D999891-F2B7-4E00-BCC4-078F6A41038A}.Debug|Any CPU.Build.0 = Debug|Any CPU
		{8D999891-F2B7-4E00-BCC4-078F6A41038A}.Debug|x64.ActiveCfg = Debug|Any CPU
		{8D999891-F2B7-4E00-BCC4-078F6A41038A}.Debug|x64.Build.0 = Debug|Any CPU
		{8D999891-F2B7-4E00-BCC4-078F6A41038A}.Debug|x86.ActiveCfg = Debug|Any CPU
		{8D999891-F2B7-4E00-BCC4-078F6A41038A}.Debug|x86.Build.0 = Debug|Any CPU
		{8D999891-F2B7-4E00-BCC4-078F6A41038A}.Release|Any CPU.ActiveCfg = Release|Any CPU
		{8D999891-F2B7-4E00-BCC4-078F6A41038A}.Release|Any CPU.Build.0 = Release|Any CPU
		{8D999891-F2B7-4E00-BCC4-078F6A41038A}.Release|x64.ActiveCfg = Release|Any CPU
		{8D999891-F2B7-4E00-BCC4-078F6A41038A}.Release|x64.Build.0 = Release|Any CPU
		{8D999891-F2B7-4E00-BCC4-078F6A41038A}.Release|x86.ActiveCfg = Release|Any CPU
		{8D999891-F2B7-4E00-BCC4-078F6A41038A}.Release|x86.Build.0 = Release|Any CPU
	EndGlobalSection
	GlobalSection(SolutionProperties) = preSolution
		HideSolutionNode = FALSE
	EndGlobalSection
	GlobalSection(NestedProjects) = preSolution
		{325AC14D-72C4-417B-908A-3CA267C7C203} = {827E0CD3-B72D-47B6-A68D-7590B98EB39B}
		{F421D788-A343-4DA8-B66A-C8B0688FCD39} = {827E0CD3-B72D-47B6-A68D-7590B98EB39B}
		{4A8F75CB-F618-42F1-BAC3-79C60A23AE4A} = {827E0CD3-B72D-47B6-A68D-7590B98EB39B}
		{0ED89D5B-5EA8-42BF-B957-708873E6726D} = {827E0CD3-B72D-47B6-A68D-7590B98EB39B}
		{B4D4F9A5-EC8B-43EA-B5CC-B56792B4A8C7} = {0AB3BF05-4346-4AA6-1389-037BE0695223}
		{7AB0761D-E5B1-4892-AA51-CDA81932D699} = {0AB3BF05-4346-4AA6-1389-037BE0695223}
		{8D999891-F2B7-4E00-BCC4-078F6A41038A} = {07C2787E-EAC7-C090-1BA3-A61EC2A24D84}
	EndGlobalSection
EndGlobal
